
Microsoft Visual Studio Solution File, Format Version 11.00
# Visual Studio 2010
Project("{FAE04EC0-301F-11D3-BF4B-00C04F79EFBC}") = "SimulatedSociety", "Assembly-CSharp.csproj", "{B2DED02A-40CC-84E2-65E6-08AEBFD3E875}"
EndProject
Global
	GlobalSection(SolutionConfigurationPlatforms) = preSolution
		Debug|Any CPU = Debug|Any CPU
		Release|Any CPU = Release|Any CPU
	EndGlobalSection
	GlobalSection(ProjectConfigurationPlatforms) = postSolution
		{B2DED02A-40CC-84E2-65E6-08AEBFD3E875}.Debug|Any CPU.ActiveCfg = Debug|Any CPU
		{B2DED02A-40CC-84E2-65E6-08AEBFD3E875}.Debug|Any CPU.Build.0 = Debug|Any CPU
		{B2DED02A-40CC-84E2-65E6-08AEBFD3E875}.Release|Any CPU.ActiveCfg = Release|Any CPU
		{B2DED02A-40CC-84E2-65E6-08AEBFD3E875}.Release|Any CPU.Build.0 = Release|Any CPU
	EndGlobalSection
	GlobalSection(SolutionProperties) = preSolution
		HideSolutionNode = FALSE
	EndGlobalSection
	GlobalSection(MonoDevelopProperties) = preSolution
		StartupItem = Assembly-CSharp.csproj
	EndGlobalSection
EndGlobal
